{
  "nodes": {
    "crane": {
      "locked": {
        "lastModified": 1778106249,
        "narHash": "sha256-cM/AuKy5tMhwOOQIbha8ZRRMHVfNf7cv2aljIw+qoCg=",
        "owner": "ipetkov",
        "repo": "crane",
        "rev": "6d015ea29630b7ad2402841386da2cb617a470a7",
        "type": "github"
      },
      "original": {
        "owner": "ipetkov",
        "repo": "crane",
        "type": "github"
      }
    },
    "gomod2nix": {
      "inputs": {
        "flake-utils": [
          "utils"
        ],
        "nixpkgs": [
          "nixpkgs"
        ]
      },
      "locked": {
        "lastModified": 1778954798,
        "narHash": "sha256-JmBKaWYR//RTKBthEhqIrd63xrW6JBUL97UPvs2qqZE=",
        "owner": "amarbel-llc",
        "repo": "gomod2nix",
        "rev": "94fb291865639ba14f5ca78017525fd99fe3e072",
        "type": "github"
      },
      "original": {
        "owner": "amarbel-llc",
        "repo": "gomod2nix",
        "type": "github"
      }
    },
    "nixpkgs": {
      "inputs": {
        "nixpkgs": "nixpkgs_2"
      },
      "locked": {
        "lastModified": 1778954715,
        "narHash": "sha256-F6Sd8zfNn1REUmua2azXEVaDMmLyP76ekhLtH0JLKq4=",
        "owner": "amarbel-llc",
        "repo": "nixpkgs",
        "rev": "7f9ec2211b83ff0c5111315d4cb104eb4f872632",
        "type": "github"
      },
      "original": {
        "owner": "amarbel-llc",
        "repo": "nixpkgs",
        "type": "github"
      }
    },
    "nixpkgs-master": {
      "locked": {
        "lastModified": 1775568925,
        "narHash": "sha256-sDeGC1KROHHXDk2lbW/reZPuTXkAZmRZ956y10R68f4=",
        "owner": "NixOS",
        "repo": "nixpkgs",
        "rev": "ae921939fcbd44874664477bd1d22543c10a8306",
        "type": "github"
      },
      "original": {
        "owner": "NixOS",
        "repo": "nixpkgs",
        "rev": "ae921939fcbd44874664477bd1d22543c10a8306",
        "type": "github"
      }
    },
    "nixpkgs_2": {
      "locked": {
        "lastModified": 1778954294,
        "narHash": "sha256-BNmDBLq1nFQ+/vPujFu9z7VSabcrKe4JOJ2I+jwV5OY=",
        "owner": "NixOS",
        "repo": "nixpkgs",
        "rev": "dc535e1791d4d516586a106ca2a5747cee98ef72",
        "type": "github"
      },
      "original": {
        "owner": "NixOS",
        "ref": "master",
        "repo": "nixpkgs",
        "type": "github"
      }
    },
    "root": {
      "inputs": {
        "crane": "crane",
        "gomod2nix": "gomod2nix",
        "nixpkgs": "nixpkgs",
        "nixpkgs-master": "nixpkgs-master",
        "rust-overlay": "rust-overlay",
        "utils": "utils"
      }
    },
    "rust-overlay": {
      "inputs": {
        "nixpkgs": [
          "nixpkgs"
        ]
      },
      "locked": {
        "lastModified": 1778901358,
        "narHash": "sha256-n35a8GOPs8zi35GXPe4uBz0Y8xseTkQpNgcrq81gPg0=",
        "owner": "oxalica",
        "repo": "rust-overlay",
        "rev": "61ec6a4fc56fe0c2b863f7b3eaba07b6664697d9",
        "type": "github"
      },
      "original": {
        "owner": "oxalica",
        "repo": "rust-overlay",
        "type": "github"
      }
    },
    "systems": {
      "locked": {
        "lastModified": 1681028828,
        "narHash": "sha256-Vy1rq5AaRuLzOxct8nz4T6wlgyUR7zLU309k9mBC768=",
        "owner": "nix-systems",
        "repo": "default",
        "rev": "da67096a3b9bf56a91d16901293e51ba5b49a27e",
        "type": "github"
      },
      "original": {
        "owner": "nix-systems",
        "repo": "default",
        "type": "github"
      }
    },
    "utils": {
      "inputs": {
        "systems": "systems"
      },
      "locked": {
        "lastModified": 1731533236,
        "narHash": "sha256-l0KFg5HjrsfsO/JpG+r7fRrqm12kzFHyUHqHCVpMMbI=",
        "rev": "11707dc2f618dd54ca8739b309ec4fc024de578b",
        "revCount": 102,
        "type": "tarball",
        "url": "https://api.flakehub.com/f/pinned/numtide/flake-utils/0.1.102%2Brev-11707dc2f618dd54ca8739b309ec4fc024de578b/0193276d-5b8f-7dbc-acf1-41cb7b54ad2e/source.tar.gz"
      },
      "original": {
        "type": "tarball",
        "url": "https://flakehub.com/f/numtide/flake-utils/0.1.102"
      }
    }
  },
  "root": "root",
  "version": 7
}
