github.com/amarbel-llc/purse-first/libs/go-mcp v0.0.2 h1:tIHcjGZ0BS/0RvC2rzcphPpXJUN4FeR/G16lirTZ9Rw=
github.com/amarbel-llc/purse-first/libs/go-mcp v0.0.2/go.mod h1:fAw7kOeIN6/UCW2/+am8xaLk74dQHSl89smVVZZnv/4=
github.com/amarbel-llc/purse-first/libs/go-mcp v0.0.3-0.20260220172048-482890a2cabe h1:6cYznG2r1a4Ygqy/DpTRqosRBGRX6OY+rwwCiR3hpw0=
github.com/amarbel-llc/purse-first/libs/go-mcp v0.0.3-0.20260220172048-482890a2cabe/go.mod h1:fAw7kOeIN6/UCW2/+am8xaLk74dQHSl89smVVZZnv/4=
